
Microsoft Visual Studio Solution File, Format Version 12.00
# Visual Studio Version 17
VisualStudioVersion = 17.10.35013.160
MinimumVisualStudioVersion = 10.0.40219.1
Project("{FAE04EC0-301F-11D3-BF4B-00C04F79EFBC}") = "PhoneMate", "PhoneMate.csproj", "{B69B1CC6-8847-4741-9052-2A2742E85122}"
EndProject
Global
	GlobalSection(SolutionConfigurationPlatforms) = preSolution
		Debug|Any CPU = Debug|Any CPU
		Release|Any CPU = Release|Any CPU
	EndGlobalSection
	GlobalSection(ProjectConfigurationPlatforms) = postSolution
		{B69B1CC6-8847-4741-9052-2A2742E85122}.Debug|Any CPU.ActiveCfg = Debug|Any CPU
		{B69B1CC6-8847-4741-9052-2A2742E85122}.Debug|Any CPU.Build.0 = Debug|Any CPU
		{B69B1CC6-8847-4741-9052-2A2742E85122}.Release|Any CPU.ActiveCfg = Release|Any CPU
		{B69B1CC6-8847-4741-9052-2A2742E85122}.Release|Any CPU.Build.0 = Release|Any CPU
	EndGlobalSection
	GlobalSection(SolutionProperties) = preSolution
		HideSolutionNode = FALSE
	EndGlobalSection
	GlobalSection(ExtensibilityGlobals) = postSolution
		SolutionGuid = {4A93A9F2-31A7-40B1-A881-2776BE62181B}
	EndGlobalSection
EndGlobal
